
Microsoft Visual Studio Solution File, Format Version 12.00
# Visual Studio 2013
VisualStudioVersion = 12.0.31101.0
MinimumVisualStudioVersion = 10.0.40219.1
Project("{FAE04EC0-301F-11D3-BF4B-00C04F79EFBC}") = "StickEmApp.Windows", "StickEmApp.Windows\StickEmApp.Windows.csproj", "{5C369033-868A-43BE-A9C3-4826849FD2CC}"
EndProject
Project("{2150E333-8FDC-42A3-9474-1A3956D46DE8}") = "Test", "Test", "{7FFC7806-060E-4945-AA6D-8FCB836BF065}"
EndProject
Project("{FAE04EC0-301F-11D3-BF4B-00C04F79EFBC}") = "StickEmApp.UnitTest", "StickEmApp.UnitTest\StickEmApp.UnitTest.csproj", "{B05B6270-4CBA-4279-9C76-4744B7172271}"
EndProject
Project("{FAE04EC0-301F-11D3-BF4B-00C04F79EFBC}") = "StickEmApp", "StickEmApp\StickEmApp.csproj", "{3F0855CF-DE95-431F-BB25-90DE73A1D3F6}"
EndProject
Project("{FAE04EC0-301F-11D3-BF4B-00C04F79EFBC}") = "StickEmApp.Windows.UnitTest", "StickEmApp.Windows.UnitTest\StickEmApp.Windows.UnitTest.csproj", "{83948665-79B6-4660-B1B6-197F6C9CFC61}"
EndProject
Global
	GlobalSection(SolutionConfigurationPlatforms) = preSolution
		Debug|Any CPU = Debug|Any CPU
		Release|Any CPU = Release|Any CPU
	EndGlobalSection
	GlobalSection(ProjectConfigurationPlatforms) = postSolution
		{5C369033-868A-43BE-A9C3-4826849FD2CC}.Debug|Any CPU.ActiveCfg = Debug|Any CPU
		{5C369033-868A-43BE-A9C3-4826849FD2CC}.Debug|Any CPU.Build.0 = Debug|Any CPU
		{5C369033-868A-43BE-A9C3-4826849FD2CC}.Release|Any CPU.ActiveCfg = Release|Any CPU
		{5C369033-868A-43BE-A9C3-4826849FD2CC}.Release|Any CPU.Build.0 = Release|Any CPU
		{B05B6270-4CBA-4279-9C76-4744B7172271}.Debug|Any CPU.ActiveCfg = Debug|Any CPU
		{B05B6270-4CBA-4279-9C76-4744B7172271}.Debug|Any CPU.Build.0 = Debug|Any CPU
		{B05B6270-4CBA-4279-9C76-4744B7172271}.Release|Any CPU.ActiveCfg = Release|Any CPU
		{B05B6270-4CBA-4279-9C76-4744B7172271}.Release|Any CPU.Build.0 = Release|Any CPU
		{3F0855CF-DE95-431F-BB25-90DE73A1D3F6}.Debug|Any CPU.ActiveCfg = Debug|Any CPU
		{3F0855CF-DE95-431F-BB25-90DE73A1D3F6}.Debug|Any CPU.Build.0 = Debug|Any CPU
		{3F0855CF-DE95-431F-BB25-90DE73A1D3F6}.Release|Any CPU.ActiveCfg = Release|Any CPU
		{3F0855CF-DE95-431F-BB25-90DE73A1D3F6}.Release|Any CPU.Build.0 = Release|Any CPU
		{83948665-79B6-4660-B1B6-197F6C9CFC61}.Debug|Any CPU.ActiveCfg = Debug|Any CPU
		{83948665-79B6-4660-B1B6-197F6C9CFC61}.Debug|Any CPU.Build.0 = Debug|Any CPU
		{83948665-79B6-4660-B1B6-197F6C9CFC61}.Release|Any CPU.ActiveCfg = Release|Any CPU
		{83948665-79B6-4660-B1B6-197F6C9CFC61}.Release|Any CPU.Build.0 = Release|Any CPU
	EndGlobalSection
	GlobalSection(SolutionProperties) = preSolution
		HideSolutionNode = FALSE
	EndGlobalSection
	GlobalSection(NestedProjects) = preSolution
		{B05B6270-4CBA-4279-9C76-4744B7172271} = {7FFC7806-060E-4945-AA6D-8FCB836BF065}
		{83948665-79B6-4660-B1B6-197F6C9CFC61} = {7FFC7806-060E-4945-AA6D-8FCB836BF065}
	EndGlobalSection
EndGlobal
